// !$*UTF8*$!
{
	archiveVersion = 1;
	classes = {
	};
	objectVersion = 55;
	objects = {

/* Begin PBXBuildFile section */
		9C58F3272841380A008556ED /* AppDelegate.swift in Sources */ = {isa = PBXBuildFile; fileRef = 9C58F3262841380A008556ED /* AppDelegate.swift */; };
		9C58F3292841380A008556ED /* SceneDelegate.swift in Sources */ = {isa = PBXBuildFile; fileRef = 9C58F3282841380A008556ED /* SceneDelegate.swift */; };
		9C58F32B2841380A008556ED /* ViewController.swift in Sources */ = {isa = PBXBuildFile; fileRef = 9C58F32A2841380A008556ED /* ViewController.swift */; };
		9C58F32E2841380A008556ED /* Main.storyboard in Resources */ = {isa = PBXBuildFile; fileRef = 9C58F32C2841380A008556ED /* Main.storyboard */; };
		9C58F3302841380D008556ED /* Assets.xcassets in Resources */ = {isa = PBXBuildFile; fileRef = 9C58F32F2841380D008556ED /* Assets.xcassets */; };
		9C58F3332841380D008556ED /* LaunchScreen.storyboard in Resources */ = {isa = PBXBuildFile; fileRef = 9C58F3312841380D008556ED /* LaunchScreen.storyboard */; };
		9C58F35728413839008556ED /* HTTPClient.swift in Sources */ = {isa = PBXBuildFile; fileRef = 9C58F35628413839008556ED /* HTTPClient.swift */; };
		9C58F3592841384F008556ED /* URLSessionHTTPClient.swift in Sources */ = {isa = PBXBuildFile; fileRef = 9C58F3582841384F008556ED /* URLSessionHTTPClient.swift */; };
		9C58F35B28413937008556ED /* AuthToken.swift in Sources */ = {isa = PBXBuildFile; fileRef = 9C58F35A28413937008556ED /* AuthToken.swift */; };
		9C58F35D284139D6008556ED /* TokenProvider.swift in Sources */ = {isa = PBXBuildFile; fileRef = 9C58F35C284139D6008556ED /* TokenProvider.swift */; };
		9C58F35F284139F5008556ED /* OAuthTokenProvider.swift in Sources */ = {isa = PBXBuildFile; fileRef = 9C58F35E284139F5008556ED /* OAuthTokenProvider.swift */; };
		9C58F36228413E5F008556ED /* Auth0 in Frameworks */ = {isa = PBXBuildFile; productRef = 9C58F36128413E5F008556ED /* Auth0 */; };
		9C58F364284140B3008556ED /* TokenStore.swift in Sources */ = {isa = PBXBuildFile; fileRef = 9C58F363284140B3008556ED /* TokenStore.swift */; };
		9C58F366284140E3008556ED /* AuthService.swift in Sources */ = {isa = PBXBuildFile; fileRef = 9C58F365284140E3008556ED /* AuthService.swift */; };
		9C58F36828414144008556ED /* AuthenticatedHTTPClientDecorator.swift in Sources */ = {isa = PBXBuildFile; fileRef = 9C58F36728414144008556ED /* AuthenticatedHTTPClientDecorator.swift */; };
		9C58F3692841424B008556ED /* AuthenticatedHTTPClientDecorator.swift in Sources */ = {isa = PBXBuildFile; fileRef = 9C58F36728414144008556ED /* AuthenticatedHTTPClientDecorator.swift */; };
		9C58F36A2841424E008556ED /* HTTPClient.swift in Sources */ = {isa = PBXBuildFile; fileRef = 9C58F35628413839008556ED /* HTTPClient.swift */; };
		9C58F36B28414251008556ED /* URLSessionHTTPClient.swift in Sources */ = {isa = PBXBuildFile; fileRef = 9C58F3582841384F008556ED /* URLSessionHTTPClient.swift */; };
		9C58F36C28414254008556ED /* AuthToken.swift in Sources */ = {isa = PBXBuildFile; fileRef = 9C58F35A28413937008556ED /* AuthToken.swift */; };
		9C58F36D28414257008556ED /* TokenProvider.swift in Sources */ = {isa = PBXBuildFile; fileRef = 9C58F35C284139D6008556ED /* TokenProvider.swift */; };
		9C58F36E2841425A008556ED /* TokenStore.swift in Sources */ = {isa = PBXBuildFile; fileRef = 9C58F363284140B3008556ED /* TokenStore.swift */; };
		9C58F36F2841425D008556ED /* AuthService.swift in Sources */ = {isa = PBXBuildFile; fileRef = 9C58F365284140E3008556ED /* AuthService.swift */; };
		9C58F37028414260008556ED /* OAuthTokenProvider.swift in Sources */ = {isa = PBXBuildFile; fileRef = 9C58F35E284139F5008556ED /* OAuthTokenProvider.swift */; };
		9C58F372284143B2008556ED /* AuthenticatedHTTPClientDecoratorTests.swift in Sources */ = {isa = PBXBuildFile; fileRef = 9C58F371284143B2008556ED /* AuthenticatedHTTPClientDecoratorTests.swift */; };
		9C58F37428414458008556ED /* HelperFunctions.swift in Sources */ = {isa = PBXBuildFile; fileRef = 9C58F37328414458008556ED /* HelperFunctions.swift */; };
/* End PBXBuildFile section */

/* Begin PBXContainerItemProxy section */
		9C58F33A2841380E008556ED /* PBXContainerItemProxy */ = {
			isa = PBXContainerItemProxy;
			containerPortal = 9C58F31B2841380A008556ED /* Project object */;
			proxyType = 1;
			remoteGlobalIDString = 9C58F3222841380A008556ED;
			remoteInfo = Auth0AsyncTest;
		};
/* End PBXContainerItemProxy section */

/* Begin PBXFileReference section */
		9C58F3232841380A008556ED /* Auth0AsyncTest.app */ = {isa = PBXFileReference; explicitFileType = wrapper.application; includeInIndex = 0; path = Auth0AsyncTest.app; sourceTree = BUILT_PRODUCTS_DIR; };
		9C58F3262841380A008556ED /* AppDelegate.swift */ = {isa = PBXFileReference; lastKnownFileType = sourcecode.swift; path = AppDelegate.swift; sourceTree = "<group>"; };
		9C58F3282841380A008556ED /* SceneDelegate.swift */ = {isa = PBXFileReference; lastKnownFileType = sourcecode.swift; path = SceneDelegate.swift; sourceTree = "<group>"; };
		9C58F32A2841380A008556ED /* ViewController.swift */ = {isa = PBXFileReference; lastKnownFileType = sourcecode.swift; path = ViewController.swift; sourceTree = "<group>"; };
		9C58F32D2841380A008556ED /* Base */ = {isa = PBXFileReference; lastKnownFileType = file.storyboard; name = Base; path = Base.lproj/Main.storyboard; sourceTree = "<group>"; };
		9C58F32F2841380D008556ED /* Assets.xcassets */ = {isa = PBXFileReference; lastKnownFileType = folder.assetcatalog; path = Assets.xcassets; sourceTree = "<group>"; };
		9C58F3322841380D008556ED /* Base */ = {isa = PBXFileReference; lastKnownFileType = file.storyboard; name = Base; path = Base.lproj/LaunchScreen.storyboard; sourceTree = "<group>"; };
		9C58F3342841380D008556ED /* Info.plist */ = {isa = PBXFileReference; lastKnownFileType = text.plist.xml; path = Info.plist; sourceTree = "<group>"; };
		9C58F3392841380E008556ED /* Auth0AsyncTestTests.xctest */ = {isa = PBXFileReference; explicitFileType = wrapper.cfbundle; includeInIndex = 0; path = Auth0AsyncTestTests.xctest; sourceTree = BUILT_PRODUCTS_DIR; };
		9C58F35628413839008556ED /* HTTPClient.swift */ = {isa = PBXFileReference; lastKnownFileType = sourcecode.swift; path = HTTPClient.swift; sourceTree = "<group>"; };
		9C58F3582841384F008556ED /* URLSessionHTTPClient.swift */ = {isa = PBXFileReference; lastKnownFileType = sourcecode.swift; path = URLSessionHTTPClient.swift; sourceTree = "<group>"; };
		9C58F35A28413937008556ED /* AuthToken.swift */ = {isa = PBXFileReference; lastKnownFileType = sourcecode.swift; path = AuthToken.swift; sourceTree = "<group>"; };
		9C58F35C284139D6008556ED /* TokenProvider.swift */ = {isa = PBXFileReference; lastKnownFileType = sourcecode.swift; path = TokenProvider.swift; sourceTree = "<group>"; };
		9C58F35E284139F5008556ED /* OAuthTokenProvider.swift */ = {isa = PBXFileReference; lastKnownFileType = sourcecode.swift; path = OAuthTokenProvider.swift; sourceTree = "<group>"; };
		9C58F363284140B3008556ED /* TokenStore.swift */ = {isa = PBXFileReference; lastKnownFileType = sourcecode.swift; path = TokenStore.swift; sourceTree = "<group>"; };
		9C58F365284140E3008556ED /* AuthService.swift */ = {isa = PBXFileReference; lastKnownFileType = sourcecode.swift; path = AuthService.swift; sourceTree = "<group>"; };
		9C58F36728414144008556ED /* AuthenticatedHTTPClientDecorator.swift */ = {isa = PBXFileReference; lastKnownFileType = sourcecode.swift; path = AuthenticatedHTTPClientDecorator.swift; sourceTree = "<group>"; };
		9C58F371284143B2008556ED /* AuthenticatedHTTPClientDecoratorTests.swift */ = {isa = PBXFileReference; lastKnownFileType = sourcecode.swift; path = AuthenticatedHTTPClientDecoratorTests.swift; sourceTree = "<group>"; };
		9C58F37328414458008556ED /* HelperFunctions.swift */ = {isa = PBXFileReference; lastKnownFileType = sourcecode.swift; path = HelperFunctions.swift; sourceTree = "<group>"; };
/* End PBXFileReference section */

/* Begin PBXFrameworksBuildPhase section */
		9C58F3202841380A008556ED /* Frameworks */ = {
			isa = PBXFrameworksBuildPhase;
			buildActionMask = 2147483647;
			files = (
				9C58F36228413E5F008556ED /* Auth0 in Frameworks */,
			);
			runOnlyForDeploymentPostprocessing = 0;
		};
		9C58F3362841380E008556ED /* Frameworks */ = {
			isa = PBXFrameworksBuildPhase;
			buildActionMask = 2147483647;
			files = (
			);
			runOnlyForDeploymentPostprocessing = 0;
		};
/* End PBXFrameworksBuildPhase section */

/* Begin PBXGroup section */
		9C58F31A2841380A008556ED = {
			isa = PBXGroup;
			children = (
				9C58F3252841380A008556ED /* Auth0AsyncTest */,
				9C58F33C2841380E008556ED /* Auth0AsyncTestTests */,
				9C58F3242841380A008556ED /* Products */,
			);
			sourceTree = "<group>";
		};
		9C58F3242841380A008556ED /* Products */ = {
			isa = PBXGroup;
			children = (
				9C58F3232841380A008556ED /* Auth0AsyncTest.app */,
				9C58F3392841380E008556ED /* Auth0AsyncTestTests.xctest */,
			);
			name = Products;
			sourceTree = "<group>";
		};
		9C58F3252841380A008556ED /* Auth0AsyncTest */ = {
			isa = PBXGroup;
			children = (
				9C58F3262841380A008556ED /* AppDelegate.swift */,
				9C58F3282841380A008556ED /* SceneDelegate.swift */,
				9C58F32A2841380A008556ED /* ViewController.swift */,
				9C58F35628413839008556ED /* HTTPClient.swift */,
				9C58F3582841384F008556ED /* URLSessionHTTPClient.swift */,
				9C58F36728414144008556ED /* AuthenticatedHTTPClientDecorator.swift */,
				9C58F35A28413937008556ED /* AuthToken.swift */,
				9C58F35C284139D6008556ED /* TokenProvider.swift */,
				9C58F363284140B3008556ED /* TokenStore.swift */,
				9C58F365284140E3008556ED /* AuthService.swift */,
				9C58F35E284139F5008556ED /* OAuthTokenProvider.swift */,
				9C58F32C2841380A008556ED /* Main.storyboard */,
				9C58F32F2841380D008556ED /* Assets.xcassets */,
				9C58F3312841380D008556ED /* LaunchScreen.storyboard */,
				9C58F3342841380D008556ED /* Info.plist */,
			);
			path = Auth0AsyncTest;
			sourceTree = "<group>";
		};
		9C58F33C2841380E008556ED /* Auth0AsyncTestTests */ = {
			isa = PBXGroup;
			children = (
				9C58F371284143B2008556ED /* AuthenticatedHTTPClientDecoratorTests.swift */,
				9C58F37328414458008556ED /* HelperFunctions.swift */,
			);
			path = Auth0AsyncTestTests;
			sourceTree = "<group>";
		};
/* End PBXGroup section */

/* Begin PBXNativeTarget section */
		9C58F3222841380A008556ED /* Auth0AsyncTest */ = {
			isa = PBXNativeTarget;
			buildConfigurationList = 9C58F34D2841380E008556ED /* Build configuration list for PBXNativeTarget "Auth0AsyncTest" */;
			buildPhases = (
				9C58F31F2841380A008556ED /* Sources */,
				9C58F3202841380A008556ED /* Frameworks */,
				9C58F3212841380A008556ED /* Resources */,
			);
			buildRules = (
			);
			dependencies = (
			);
			name = Auth0AsyncTest;
			packageProductDependencies = (
				9C58F36128413E5F008556ED /* Auth0 */,
			);
			productName = Auth0AsyncTest;
			productReference = 9C58F3232841380A008556ED /* Auth0AsyncTest.app */;
			productType = "com.apple.product-type.application";
		};
		9C58F3382841380E008556ED /* Auth0AsyncTestTests */ = {
			isa = PBXNativeTarget;
			buildConfigurationList = 9C58F3502841380E008556ED /* Build configuration list for PBXNativeTarget "Auth0AsyncTestTests" */;
			buildPhases = (
				9C58F3352841380E008556ED /* Sources */,
				9C58F3362841380E008556ED /* Frameworks */,
				9C58F3372841380E008556ED /* Resources */,
			);
			buildRules = (
			);
			dependencies = (
				9C58F33B2841380E008556ED /* PBXTargetDependency */,
			);
			name = Auth0AsyncTestTests;
			productName = Auth0AsyncTestTests;
			productReference = 9C58F3392841380E008556ED /* Auth0AsyncTestTests.xctest */;
			productType = "com.apple.product-type.bundle.unit-test";
		};
/* End PBXNativeTarget section */

/* Begin PBXProject section */
		9C58F31B2841380A008556ED /* Project object */ = {
			isa = PBXProject;
			attributes = {
				BuildIndependentTargetsInParallel = 1;
				LastSwiftUpdateCheck = 1330;
				LastUpgradeCheck = 1330;
				TargetAttributes = {
					9C58F3222841380A008556ED = {
						CreatedOnToolsVersion = 13.3;
					};
					9C58F3382841380E008556ED = {
						CreatedOnToolsVersion = 13.3;
						TestTargetID = 9C58F3222841380A008556ED;
					};
				};
			};
			buildConfigurationList = 9C58F31E2841380A008556ED /* Build configuration list for PBXProject "Auth0AsyncTest" */;
			compatibilityVersion = "Xcode 13.0";
			developmentRegion = en;
			hasScannedForEncodings = 0;
			knownRegions = (
				en,
				Base,
			);
			mainGroup = 9C58F31A2841380A008556ED;
			packageReferences = (
				9C58F36028413E5F008556ED /* XCRemoteSwiftPackageReference "Auth0" */,
			);
			productRefGroup = 9C58F3242841380A008556ED /* Products */;
			projectDirPath = "";
			projectRoot = "";
			targets = (
				9C58F3222841380A008556ED /* Auth0AsyncTest */,
				9C58F3382841380E008556ED /* Auth0AsyncTestTests */,
			);
		};
/* End PBXProject section */

/* Begin PBXResourcesBuildPhase section */
		9C58F3212841380A008556ED /* Resources */ = {
			isa = PBXResourcesBuildPhase;
			buildActionMask = 2147483647;
			files = (
				9C58F3332841380D008556ED /* LaunchScreen.storyboard in Resources */,
				9C58F3302841380D008556ED /* Assets.xcassets in Resources */,
				9C58F32E2841380A008556ED /* Main.storyboard in Resources */,
			);
			runOnlyForDeploymentPostprocessing = 0;
		};
		9C58F3372841380E008556ED /* Resources */ = {
			isa = PBXResourcesBuildPhase;
			buildActionMask = 2147483647;
			files = (
			);
			runOnlyForDeploymentPostprocessing = 0;
		};
/* End PBXResourcesBuildPhase section */

/* Begin PBXSourcesBuildPhase section */
		9C58F31F2841380A008556ED /* Sources */ = {
			isa = PBXSourcesBuildPhase;
			buildActionMask = 2147483647;
			files = (
				9C58F35F284139F5008556ED /* OAuthTokenProvider.swift in Sources */,
				9C58F32B2841380A008556ED /* ViewController.swift in Sources */,
				9C58F364284140B3008556ED /* TokenStore.swift in Sources */,
				9C58F3592841384F008556ED /* URLSessionHTTPClient.swift in Sources */,
				9C58F3272841380A008556ED /* AppDelegate.swift in Sources */,
				9C58F35728413839008556ED /* HTTPClient.swift in Sources */,
				9C58F3292841380A008556ED /* SceneDelegate.swift in Sources */,
				9C58F366284140E3008556ED /* AuthService.swift in Sources */,
				9C58F36828414144008556ED /* AuthenticatedHTTPClientDecorator.swift in Sources */,
				9C58F35D284139D6008556ED /* TokenProvider.swift in Sources */,
				9C58F35B28413937008556ED /* AuthToken.swift in Sources */,
			);
			runOnlyForDeploymentPostprocessing = 0;
		};
		9C58F3352841380E008556ED /* Sources */ = {
			isa = PBXSourcesBuildPhase;
			buildActionMask = 2147483647;
			files = (
				9C58F3692841424B008556ED /* AuthenticatedHTTPClientDecorator.swift in Sources */,
				9C58F36E2841425A008556ED /* TokenStore.swift in Sources */,
				9C58F36A2841424E008556ED /* HTTPClient.swift in Sources */,
				9C58F36C28414254008556ED /* AuthToken.swift in Sources */,
				9C58F36D28414257008556ED /* TokenProvider.swift in Sources */,
				9C58F36B28414251008556ED /* URLSessionHTTPClient.swift in Sources */,
				9C58F37028414260008556ED /* OAuthTokenProvider.swift in Sources */,
				9C58F372284143B2008556ED /* AuthenticatedHTTPClientDecoratorTests.swift in Sources */,
				9C58F37428414458008556ED /* HelperFunctions.swift in Sources */,
				9C58F36F2841425D008556ED /* AuthService.swift in Sources */,
			);
			runOnlyForDeploymentPostprocessing = 0;
		};
/* End PBXSourcesBuildPhase section */

/* Begin PBXTargetDependency section */
		9C58F33B2841380E008556ED /* PBXTargetDependency */ = {
			isa = PBXTargetDependency;
			target = 9C58F3222841380A008556ED /* Auth0AsyncTest */;
			targetProxy = 9C58F33A2841380E008556ED /* PBXContainerItemProxy */;
		};
/* End PBXTargetDependency section */

/* Begin PBXVariantGroup section */
		9C58F32C2841380A008556ED /* Main.storyboard */ = {
			isa = PBXVariantGroup;
			children = (
				9C58F32D2841380A008556ED /* Base */,
			);
			name = Main.storyboard;
			sourceTree = "<group>";
		};
		9C58F3312841380D008556ED /* LaunchScreen.storyboard */ = {
			isa = PBXVariantGroup;
			children = (
				9C58F3322841380D008556ED /* Base */,
			);
			name = LaunchScreen.storyboard;
			sourceTree = "<group>";
		};
/* End PBXVariantGroup section */

/* Begin XCBuildConfiguration section */
		9C58F34B2841380E008556ED /* Debug */ = {
			isa = XCBuildConfiguration;
			buildSettings = {
				ALWAYS_SEARCH_USER_PATHS = NO;
				CLANG_ANALYZER_NONNULL = YES;
				CLANG_ANALYZER_NUMBER_OBJECT_CONVERSION = YES_AGGRESSIVE;
				CLANG_CXX_LANGUAGE_STANDARD = "gnu++17";
				CLANG_ENABLE_MODULES = YES;
				CLANG_ENABLE_OBJC_ARC = YES;
				CLANG_ENABLE_OBJC_WEAK = YES;
				CLANG_WARN_BLOCK_CAPTURE_AUTORELEASING = YES;
				CLANG_WARN_BOOL_CONVERSION = YES;
				CLANG_WARN_COMMA = YES;
				CLANG_WARN_CONSTANT_CONVERSION = YES;
				CLANG_WARN_DEPRECATED_OBJC_IMPLEMENTATIONS = YES;
				CLANG_WARN_DIRECT_OBJC_ISA_USAGE = YES_ERROR;
				CLANG_WARN_DOCUMENTATION_COMMENTS = YES;
				CLANG_WARN_EMPTY_BODY = YES;
				CLANG_WARN_ENUM_CONVERSION = YES;
				CLANG_WARN_INFINITE_RECURSION = YES;
				CLANG_WARN_INT_CONVERSION = YES;
				CLANG_WARN_NON_LITERAL_NULL_CONVERSION = YES;
				CLANG_WARN_OBJC_IMPLICIT_RETAIN_SELF = YES;
				CLANG_WARN_OBJC_LITERAL_CONVERSION = YES;
				CLANG_WARN_OBJC_ROOT_CLASS = YES_ERROR;
				CLANG_WARN_QUOTED_INCLUDE_IN_FRAMEWORK_HEADER = YES;
				CLANG_WARN_RANGE_LOOP_ANALYSIS = YES;
				CLANG_WARN_STRICT_PROTOTYPES = YES;
				CLANG_WARN_SUSPICIOUS_MOVE = YES;
				CLANG_WARN_UNGUARDED_AVAILABILITY = YES_AGGRESSIVE;
				CLANG_WARN_UNREACHABLE_CODE = YES;
				CLANG_WARN__DUPLICATE_METHOD_MATCH = YES;
				COPY_PHASE_STRIP = NO;
				DEBUG_INFORMATION_FORMAT = dwarf;
				ENABLE_STRICT_OBJC_MSGSEND = YES;
				ENABLE_TESTABILITY = YES;
				GCC_C_LANGUAGE_STANDARD = gnu11;
				GCC_DYNAMIC_NO_PIC = NO;
				GCC_NO_COMMON_BLOCKS = YES;
				GCC_OPTIMIZATION_LEVEL = 0;
				GCC_PREPROCESSOR_DEFINITIONS = (
					"DEBUG=1",
					"$(inherited)",
				);
				GCC_WARN_64_TO_32_BIT_CONVERSION = YES;
				GCC_WARN_ABOUT_RETURN_TYPE = YES_ERROR;
				GCC_WARN_UNDECLARED_SELECTOR = YES;
				GCC_WARN_UNINITIALIZED_AUTOS = YES_AGGRESSIVE;
				GCC_WARN_UNUSED_FUNCTION = YES;
				GCC_WARN_UNUSED_VARIABLE = YES;
				IPHONEOS_DEPLOYMENT_TARGET = 15.4;
				MTL_ENABLE_DEBUG_INFO = INCLUDE_SOURCE;
				MTL_FAST_MATH = YES;
				ONLY_ACTIVE_ARCH = YES;
				SDKROOT = iphoneos;
				SWIFT_ACTIVE_COMPILATION_CONDITIONS = DEBUG;
				SWIFT_OPTIMIZATION_LEVEL = "-Onone";
			};
			name = Debug;
		};
		9C58F34C2841380E008556ED /* Release */ = {
			isa = XCBuildConfiguration;
			buildSettings = {
				ALWAYS_SEARCH_USER_PATHS = NO;
				CLANG_ANALYZER_NONNULL = YES;
				CLANG_ANALYZER_NUMBER_OBJECT_CONVERSION = YES_AGGRESSIVE;
				CLANG_CXX_LANGUAGE_STANDARD = "gnu++17";
				CLANG_ENABLE_MODULES = YES;
				CLANG_ENABLE_OBJC_ARC = YES;
				CLANG_ENABLE_OBJC_WEAK = YES;
				CLANG_WARN_BLOCK_CAPTURE_AUTORELEASING = YES;
				CLANG_WARN_BOOL_CONVERSION = YES;
				CLANG_WARN_COMMA = YES;
				CLANG_WARN_CONSTANT_CONVERSION = YES;
				CLANG_WARN_DEPRECATED_OBJC_IMPLEMENTATIONS = YES;
				CLANG_WARN_DIRECT_OBJC_ISA_USAGE = YES_ERROR;
				CLANG_WARN_DOCUMENTATION_COMMENTS = YES;
				CLANG_WARN_EMPTY_BODY = YES;
				CLANG_WARN_ENUM_CONVERSION = YES;
				CLANG_WARN_INFINITE_RECURSION = YES;
				CLANG_WARN_INT_CONVERSION = YES;
				CLANG_WARN_NON_LITERAL_NULL_CONVERSION = YES;
				CLANG_WARN_OBJC_IMPLICIT_RETAIN_SELF = YES;
				CLANG_WARN_OBJC_LITERAL_CONVERSION = YES;
				CLANG_WARN_OBJC_ROOT_CLASS = YES_ERROR;
				CLANG_WARN_QUOTED_INCLUDE_IN_FRAMEWORK_HEADER = YES;
				CLANG_WARN_RANGE_LOOP_ANALYSIS = YES;
				CLANG_WARN_STRICT_PROTOTYPES = YES;
				CLANG_WARN_SUSPICIOUS_MOVE = YES;
				CLANG_WARN_UNGUARDED_AVAILABILITY = YES_AGGRESSIVE;
				CLANG_WARN_UNREACHABLE_CODE = YES;
				CLANG_WARN__DUPLICATE_METHOD_MATCH = YES;
				COPY_PHASE_STRIP = NO;
				DEBUG_INFORMATION_FORMAT = "dwarf-with-dsym";
				ENABLE_NS_ASSERTIONS = NO;
				ENABLE_STRICT_OBJC_MSGSEND = YES;
				GCC_C_LANGUAGE_STANDARD = gnu11;
				GCC_NO_COMMON_BLOCKS = YES;
				GCC_WARN_64_TO_32_BIT_CONVERSION = YES;
				GCC_WARN_ABOUT_RETURN_TYPE = YES_ERROR;
				GCC_WARN_UNDECLARED_SELECTOR = YES;
				GCC_WARN_UNINITIALIZED_AUTOS = YES_AGGRESSIVE;
				GCC_WARN_UNUSED_FUNCTION = YES;
				GCC_WARN_UNUSED_VARIABLE = YES;
				IPHONEOS_DEPLOYMENT_TARGET = 15.4;
				MTL_ENABLE_DEBUG_INFO = NO;
				MTL_FAST_MATH = YES;
				SDKROOT = iphoneos;
				SWIFT_COMPILATION_MODE = wholemodule;
				SWIFT_OPTIMIZATION_LEVEL = "-O";
				VALIDATE_PRODUCT = YES;
			};
			name = Release;
		};
		9C58F34E2841380E008556ED /* Debug */ = {
			isa = XCBuildConfiguration;
			buildSettings = {
				ASSETCATALOG_COMPILER_APPICON_NAME = AppIcon;
				ASSETCATALOG_COMPILER_GLOBAL_ACCENT_COLOR_NAME = AccentColor;
				CODE_SIGN_STYLE = Automatic;
				CURRENT_PROJECT_VERSION = 1;
				DEVELOPMENT_TEAM = Y2Y35SN656;
				GENERATE_INFOPLIST_FILE = YES;
				INFOPLIST_FILE = Auth0AsyncTest/Info.plist;
				INFOPLIST_KEY_UIApplicationSupportsIndirectInputEvents = YES;
				INFOPLIST_KEY_UILaunchStoryboardName = LaunchScreen;
				INFOPLIST_KEY_UIMainStoryboardFile = Main;
				INFOPLIST_KEY_UISupportedInterfaceOrientations_iPad = "UIInterfaceOrientationPortrait UIInterfaceOrientationPortraitUpsideDown UIInterfaceOrientationLandscapeLeft UIInterfaceOrientationLandscapeRight";
				INFOPLIST_KEY_UISupportedInterfaceOrientations_iPhone = "UIInterfaceOrientationPortrait UIInterfaceOrientationLandscapeLeft UIInterfaceOrientationLandscapeRight";
				LD_RUNPATH_SEARCH_PATHS = (
					"$(inherited)",
					"@executable_path/Frameworks",
				);
				MARKETING_VERSION = 1.0;
				PRODUCT_BUNDLE_IDENTIFIER = com.Auth0AsyncTest;
				PRODUCT_NAME = "$(TARGET_NAME)";
				SWIFT_EMIT_LOC_STRINGS = YES;
				SWIFT_VERSION = 5.0;
				TARGETED_DEVICE_FAMILY = "1,2";
			};
			name = Debug;
		};
		9C58F34F2841380E008556ED /* Release */ = {
			isa = XCBuildConfiguration;
			buildSettings = {
				ASSETCATALOG_COMPILER_APPICON_NAME = AppIcon;
				ASSETCATALOG_COMPILER_GLOBAL_ACCENT_COLOR_NAME = AccentColor;
				CODE_SIGN_STYLE = Automatic;
				CURRENT_PROJECT_VERSION = 1;
				DEVELOPMENT_TEAM = Y2Y35SN656;
				GENERATE_INFOPLIST_FILE = YES;
				INFOPLIST_FILE = Auth0AsyncTest/Info.plist;
				INFOPLIST_KEY_UIApplicationSupportsIndirectInputEvents = YES;
				INFOPLIST_KEY_UILaunchStoryboardName = LaunchScreen;
				INFOPLIST_KEY_UIMainStoryboardFile = Main;
				INFOPLIST_KEY_UISupportedInterfaceOrientations_iPad = "UIInterfaceOrientationPortrait UIInterfaceOrientationPortraitUpsideDown UIInterfaceOrientationLandscapeLeft UIInterfaceOrientationLandscapeRight";
				INFOPLIST_KEY_UISupportedInterfaceOrientations_iPhone = "UIInterfaceOrientationPortrait UIInterfaceOrientationLandscapeLeft UIInterfaceOrientationLandscapeRight";
				LD_RUNPATH_SEARCH_PATHS = (
					"$(inherited)",
					"@executable_path/Frameworks",
				);
				MARKETING_VERSION = 1.0;
				PRODUCT_BUNDLE_IDENTIFIER = com.Auth0AsyncTest;
				PRODUCT_NAME = "$(TARGET_NAME)";
				SWIFT_EMIT_LOC_STRINGS = YES;
				SWIFT_VERSION = 5.0;
				TARGETED_DEVICE_FAMILY = "1,2";
			};
			name = Release;
		};
		9C58F3512841380E008556ED /* Debug */ = {
			isa = XCBuildConfiguration;
			buildSettings = {
				ALWAYS_EMBED_SWIFT_STANDARD_LIBRARIES = YES;
				BUNDLE_LOADER = "$(TEST_HOST)";
				CODE_SIGN_STYLE = Automatic;
				CURRENT_PROJECT_VERSION = 1;
				DEVELOPMENT_TEAM = Y2Y35SN656;
				GENERATE_INFOPLIST_FILE = YES;
				IPHONEOS_DEPLOYMENT_TARGET = 15.4;
				MARKETING_VERSION = 1.0;
				PRODUCT_BUNDLE_IDENTIFIER = com.Auth0AsyncTestTests;
				PRODUCT_NAME = "$(TARGET_NAME)";
				SWIFT_EMIT_LOC_STRINGS = NO;
				SWIFT_VERSION = 5.0;
				TARGETED_DEVICE_FAMILY = "1,2";
				TEST_HOST = "$(BUILT_PRODUCTS_DIR)/Auth0AsyncTest.app/Auth0AsyncTest";
			};
			name = Debug;
		};
		9C58F3522841380E008556ED /* Release */ = {
			isa = XCBuildConfiguration;
			buildSettings = {
				ALWAYS_EMBED_SWIFT_STANDARD_LIBRARIES = YES;
				BUNDLE_LOADER = "$(TEST_HOST)";
				CODE_SIGN_STYLE = Automatic;
				CURRENT_PROJECT_VERSION = 1;
				DEVELOPMENT_TEAM = Y2Y35SN656;
				GENERATE_INFOPLIST_FILE = YES;
				IPHONEOS_DEPLOYMENT_TARGET = 15.4;
				MARKETING_VERSION = 1.0;
				PRODUCT_BUNDLE_IDENTIFIER = com.Auth0AsyncTestTests;
				PRODUCT_NAME = "$(TARGET_NAME)";
				SWIFT_EMIT_LOC_STRINGS = NO;
				SWIFT_VERSION = 5.0;
				TARGETED_DEVICE_FAMILY = "1,2";
				TEST_HOST = "$(BUILT_PRODUCTS_DIR)/Auth0AsyncTest.app/Auth0AsyncTest";
			};
			name = Release;
		};
/* End XCBuildConfiguration section */

/* Begin XCConfigurationList section */
		9C58F31E2841380A008556ED /* Build configuration list for PBXProject "Auth0AsyncTest" */ = {
			isa = XCConfigurationList;
			buildConfigurations = (
				9C58F34B2841380E008556ED /* Debug */,
				9C58F34C2841380E008556ED /* Release */,
			);
			defaultConfigurationIsVisible = 0;
			defaultConfigurationName = Release;
		};
		9C58F34D2841380E008556ED /* Build configuration list for PBXNativeTarget "Auth0AsyncTest" */ = {
			isa = XCConfigurationList;
			buildConfigurations = (
				9C58F34E2841380E008556ED /* Debug */,
				9C58F34F2841380E008556ED /* Release */,
			);
			defaultConfigurationIsVisible = 0;
			defaultConfigurationName = Release;
		};
		9C58F3502841380E008556ED /* Build configuration list for PBXNativeTarget "Auth0AsyncTestTests" */ = {
			isa = XCConfigurationList;
			buildConfigurations = (
				9C58F3512841380E008556ED /* Debug */,
				9C58F3522841380E008556ED /* Release */,
			);
			defaultConfigurationIsVisible = 0;
			defaultConfigurationName = Release;
		};
/* End XCConfigurationList section */

/* Begin XCRemoteSwiftPackageReference section */
		9C58F36028413E5F008556ED /* XCRemoteSwiftPackageReference "Auth0" */ = {
			isa = XCRemoteSwiftPackageReference;
			repositoryURL = "https://github.com/auth0/Auth0.swift";
			requirement = {
				kind = upToNextMajorVersion;
				minimumVersion = 2.0.0;
			};
		};
/* End XCRemoteSwiftPackageReference section */

/* Begin XCSwiftPackageProductDependency section */
		9C58F36128413E5F008556ED /* Auth0 */ = {
			isa = XCSwiftPackageProductDependency;
			package = 9C58F36028413E5F008556ED /* XCRemoteSwiftPackageReference "Auth0" */;
			productName = Auth0;
		};
/* End XCSwiftPackageProductDependency section */
	};
	rootObject = 9C58F31B2841380A008556ED /* Project object */;
}
